
Microsoft Visual Studio Solution File, Format Version 12.00
# Visual Studio 2012
Project("{FAE04EC0-301F-11D3-BF4B-00C04F79EFBC}") = "LearnCSharp", "LearnCSharp\LearnCSharp.csproj", "{5E47100F-CB7B-46A0-8932-EC07F80D3DAD}"
EndProject
Project("{FAE04EC0-301F-11D3-BF4B-00C04F79EFBC}") = "QuadLibrary", "QuadLibrary\QuadLibrary.csproj", "{36A7EF0D-5EF1-427A-AED6-1D174E428C84}"
EndProject
Global
	GlobalSection(SolutionConfigurationPlatforms) = preSolution
		Debug|Any CPU = Debug|Any CPU
		Release|Any CPU = Release|Any CPU
	EndGlobalSection
	GlobalSection(ProjectConfigurationPlatforms) = postSolution
		{5E47100F-CB7B-46A0-8932-EC07F80D3DAD}.Debug|Any CPU.ActiveCfg = Debug|Any CPU
		{5E47100F-CB7B-46A0-8932-EC07F80D3DAD}.Debug|Any CPU.Build.0 = Debug|Any CPU
		{5E47100F-CB7B-46A0-8932-EC07F80D3DAD}.Release|Any CPU.ActiveCfg = Release|Any CPU
		{5E47100F-CB7B-46A0-8932-EC07F80D3DAD}.Release|Any CPU.Build.0 = Release|Any CPU
		{36A7EF0D-5EF1-427A-AED6-1D174E428C84}.Debug|Any CPU.ActiveCfg = Debug|Any CPU
		{36A7EF0D-5EF1-427A-AED6-1D174E428C84}.Debug|Any CPU.Build.0 = Debug|Any CPU
		{36A7EF0D-5EF1-427A-AED6-1D174E428C84}.Release|Any CPU.ActiveCfg = Release|Any CPU
		{36A7EF0D-5EF1-427A-AED6-1D174E428C84}.Release|Any CPU.Build.0 = Release|Any CPU
	EndGlobalSection
	GlobalSection(SolutionProperties) = preSolution
		HideSolutionNode = FALSE
	EndGlobalSection
EndGlobal
